// !$*UTF8*$!
{
	archiveVersion = 1;
	classes = {
	};
	objectVersion = 77;
	objects = {

/* Begin PBXBuildFile section */
		CED71CD22F4168C400084608 /* WidgetKit.framework in Frameworks */ = {isa = PBXBuildFile; fileRef = CED71CD12F4168C300084608 /* WidgetKit.framework */; };
		CED71CD42F4168C400084608 /* SwiftUI.framework in Frameworks */ = {isa = PBXBuildFile; fileRef = CED71CD32F4168C400084608 /* SwiftUI.framework */; };
		CED71CE52F4168C600084608 /* GutTrackerWidgetExtension.appex in Embed Foundation Extensions */ = {isa = PBXBuildFile; fileRef = CED71CCF2F4168C300084608 /* GutTrackerWidgetExtension.appex */; settings = {ATTRIBUTES = (RemoveHeadersOnCopy, ); }; };
/* End PBXBuildFile section */

/* Begin PBXContainerItemProxy section */
		CED71C852F405C5000084608 /* PBXContainerItemProxy */ = {
			isa = PBXContainerItemProxy;
			containerPortal = CED71C6B2F405C4E00084608 /* Project object */;
			proxyType = 1;
			remoteGlobalIDString = CED71C722F405C4E00084608;
			remoteInfo = guttracker;
		};
		CED71C8F2F405C5000084608 /* PBXContainerItemProxy */ = {
			isa = PBXContainerItemProxy;
			containerPortal = CED71C6B2F405C4E00084608 /* Project object */;
			proxyType = 1;
			remoteGlobalIDString = CED71C722F405C4E00084608;
			remoteInfo = guttracker;
		};
		CED71CE32F4168C600084608 /* PBXContainerItemProxy */ = {
			isa = PBXContainerItemProxy;
			containerPortal = CED71C6B2F405C4E00084608 /* Project object */;
			proxyType = 1;
			remoteGlobalIDString = CED71CCE2F4168C300084608;
			remoteInfo = GutTrackerWidgetExtension;
		};
/* End PBXContainerItemProxy section */

/* Begin PBXCopyFilesBuildPhase section */
		CED71CEA2F4168C600084608 /* Embed Foundation Extensions */ = {
			isa = PBXCopyFilesBuildPhase;
			buildActionMask = 2147483647;
			dstPath = "";
			dstSubfolderSpec = 13;
			files = (
				CED71CE52F4168C600084608 /* GutTrackerWidgetExtension.appex in Embed Foundation Extensions */,
			);
			name = "Embed Foundation Extensions";
			runOnlyForDeploymentPostprocessing = 0;
		};
/* End PBXCopyFilesBuildPhase section */

/* Begin PBXFileReference section */
		CED71C732F405C4E00084608 /* guttracker.app */ = {isa = PBXFileReference; explicitFileType = wrapper.application; includeInIndex = 0; path = guttracker.app; sourceTree = BUILT_PRODUCTS_DIR; };
		CED71C842F405C5000084608 /* guttrackerTests.xctest */ = {isa = PBXFileReference; explicitFileType = wrapper.cfbundle; includeInIndex = 0; path = guttrackerTests.xctest; sourceTree = BUILT_PRODUCTS_DIR; };
		CED71C8E2F405C5000084608 /* guttrackerUITests.xctest */ = {isa = PBXFileReference; explicitFileType = wrapper.cfbundle; includeInIndex = 0; path = guttrackerUITests.xctest; sourceTree = BUILT_PRODUCTS_DIR; };
		CED71CCF2F4168C300084608 /* GutTrackerWidgetExtension.appex */ = {isa = PBXFileReference; explicitFileType = "wrapper.app-extension"; includeInIndex = 0; path = GutTrackerWidgetExtension.appex; sourceTree = BUILT_PRODUCTS_DIR; };
		CED71CD12F4168C300084608 /* WidgetKit.framework */ = {isa = PBXFileReference; lastKnownFileType = wrapper.framework; name = WidgetKit.framework; path = System/Library/Frameworks/WidgetKit.framework; sourceTree = SDKROOT; };
		CED71CD32F4168C400084608 /* SwiftUI.framework */ = {isa = PBXFileReference; lastKnownFileType = wrapper.framework; name = SwiftUI.framework; path = System/Library/Frameworks/SwiftUI.framework; sourceTree = SDKROOT; };
		CED71CFD2F416B7B00084608 /* GutTrackerWidgetExtension.entitlements */ = {isa = PBXFileReference; lastKnownFileType = text.plist.entitlements; path = GutTrackerWidgetExtension.entitlements; sourceTree = "<group>"; };
/* End PBXFileReference section */

/* Begin PBXFileSystemSynchronizedBuildFileExceptionSet section */
		CED71C962F405C5000084608 /* Exceptions for "guttracker" folder in "guttracker" target */ = {
			isa = PBXFileSystemSynchronizedBuildFileExceptionSet;
			membershipExceptions = (
				Info.plist,
			);
			target = CED71C722F405C4E00084608 /* guttracker */;
		};
		CED71CE92F4168C600084608 /* Exceptions for "GutTrackerWidget" folder in "GutTrackerWidgetExtension" target */ = {
			isa = PBXFileSystemSynchronizedBuildFileExceptionSet;
			membershipExceptions = (
				Info.plist,
			);
			target = CED71CCE2F4168C300084608 /* GutTrackerWidgetExtension */;
		};
		CED71D012F416D0000084608 /* Exceptions for "guttracker" folder in "GutTrackerWidgetExtension" target */ = {
			isa = PBXFileSystemSynchronizedBuildFileExceptionSet;
			membershipExceptions = (
				App/GutTrackerApp.swift,
				Assets.xcassets,
				Info.plist,
				Views/Calendar/CalendarView.swift,
				Views/MainTabView.swift,
				Views/Record/BowelDetailSheet.swift,
				Views/Record/RecordView.swift,
				Views/Record/SymptomQuickEntry.swift,
				Views/Settings/SettingsView.swift,
				Views/Stats/StatsView.swift,
			);
			target = CED71CCE2F4168C300084608 /* GutTrackerWidgetExtension */;
		};
/* End PBXFileSystemSynchronizedBuildFileExceptionSet section */

/* Begin PBXFileSystemSynchronizedRootGroup section */
		CED71C752F405C4E00084608 /* guttracker */ = {
			isa = PBXFileSystemSynchronizedRootGroup;
			exceptions = (
				CED71C962F405C5000084608 /* Exceptions for "guttracker" folder in "guttracker" target */,
				CED71D012F416D0000084608 /* Exceptions for "guttracker" folder in "GutTrackerWidgetExtension" target */,
			);
			path = guttracker;
			sourceTree = "<group>";
		};
		CED71C872F405C5000084608 /* guttrackerTests */ = {
			isa = PBXFileSystemSynchronizedRootGroup;
			path = guttrackerTests;
			sourceTree = "<group>";
		};
		CED71C912F405C5000084608 /* guttrackerUITests */ = {
			isa = PBXFileSystemSynchronizedRootGroup;
			path = guttrackerUITests;
			sourceTree = "<group>";
		};
		CED71CD52F4168C400084608 /* GutTrackerWidget */ = {
			isa = PBXFileSystemSynchronizedRootGroup;
			exceptions = (
				CED71CE92F4168C600084608 /* Exceptions for "GutTrackerWidget" folder in "GutTrackerWidgetExtension" target */,
			);
			path = GutTrackerWidget;
			sourceTree = "<group>";
		};
/* End PBXFileSystemSynchronizedRootGroup section */

/* Begin PBXFrameworksBuildPhase section */
		CED71C702F405C4E00084608 /* Frameworks */ = {
			isa = PBXFrameworksBuildPhase;
			buildActionMask = 2147483647;
			files = (
			);
			runOnlyForDeploymentPostprocessing = 0;
		};
		CED71C812F405C5000084608 /* Frameworks */ = {
			isa = PBXFrameworksBuildPhase;
			buildActionMask = 2147483647;
			files = (
			);
			runOnlyForDeploymentPostprocessing = 0;
		};
		CED71C8B2F405C5000084608 /* Frameworks */ = {
			isa = PBXFrameworksBuildPhase;
			buildActionMask = 2147483647;
			files = (
			);
			runOnlyForDeploymentPostprocessing = 0;
		};
		CED71CCC2F4168C300084608 /* Frameworks */ = {
			isa = PBXFrameworksBuildPhase;
			buildActionMask = 2147483647;
			files = (
				CED71CD42F4168C400084608 /* SwiftUI.framework in Frameworks */,
				CED71CD22F4168C400084608 /* WidgetKit.framework in Frameworks */,
			);
			runOnlyForDeploymentPostprocessing = 0;
		};
/* End PBXFrameworksBuildPhase section */

/* Begin PBXGroup section */
		CED71C6A2F405C4D00084608 = {
			isa = PBXGroup;
			children = (
				CED71CFD2F416B7B00084608 /* GutTrackerWidgetExtension.entitlements */,
				CED71C752F405C4E00084608 /* guttracker */,
				CED71C872F405C5000084608 /* guttrackerTests */,
				CED71C912F405C5000084608 /* guttrackerUITests */,
				CED71CD52F4168C400084608 /* GutTrackerWidget */,
				CED71CD02F4168C300084608 /* Frameworks */,
				CED71C742F405C4E00084608 /* Products */,
			);
			sourceTree = "<group>";
		};
		CED71C742F405C4E00084608 /* Products */ = {
			isa = PBXGroup;
			children = (
				CED71C732F405C4E00084608 /* guttracker.app */,
				CED71C842F405C5000084608 /* guttrackerTests.xctest */,
				CED71C8E2F405C5000084608 /* guttrackerUITests.xctest */,
				CED71CCF2F4168C300084608 /* GutTrackerWidgetExtension.appex */,
			);
			name = Products;
			sourceTree = "<group>";
		};
		CED71CD02F4168C300084608 /* Frameworks */ = {
			isa = PBXGroup;
			children = (
				CED71CD12F4168C300084608 /* WidgetKit.framework */,
				CED71CD32F4168C400084608 /* SwiftUI.framework */,
			);
			name = Frameworks;
			sourceTree = "<group>";
		};
/* End PBXGroup section */

/* Begin PBXNativeTarget section */
		CED71C722F405C4E00084608 /* guttracker */ = {
			isa = PBXNativeTarget;
			buildConfigurationList = CED71C972F405C5000084608 /* Build configuration list for PBXNativeTarget "guttracker" */;
			buildPhases = (
				CED71C6F2F405C4E00084608 /* Sources */,
				CED71C702F405C4E00084608 /* Frameworks */,
				CED71C712F405C4E00084608 /* Resources */,
				CED71CEA2F4168C600084608 /* Embed Foundation Extensions */,
			);
			buildRules = (
			);
			dependencies = (
				CED71CE42F4168C600084608 /* PBXTargetDependency */,
			);
			fileSystemSynchronizedGroups = (
				CED71C752F405C4E00084608 /* guttracker */,
			);
			name = guttracker;
			packageProductDependencies = (
			);
			productName = guttracker;
			productReference = CED71C732F405C4E00084608 /* guttracker.app */;
			productType = "com.apple.product-type.application";
		};
		CED71C832F405C5000084608 /* guttrackerTests */ = {
			isa = PBXNativeTarget;
			buildConfigurationList = CED71C9C2F405C5000084608 /* Build configuration list for PBXNativeTarget "guttrackerTests" */;
			buildPhases = (
				CED71C802F405C5000084608 /* Sources */,
				CED71C812F405C5000084608 /* Frameworks */,
				CED71C822F405C5000084608 /* Resources */,
			);
			buildRules = (
			);
			dependencies = (
				CED71C862F405C5000084608 /* PBXTargetDependency */,
			);
			fileSystemSynchronizedGroups = (
				CED71C872F405C5000084608 /* guttrackerTests */,
			);
			name = guttrackerTests;
			packageProductDependencies = (
			);
			productName = guttrackerTests;
			productReference = CED71C842F405C5000084608 /* guttrackerTests.xctest */;
			productType = "com.apple.product-type.bundle.unit-test";
		};
		CED71C8D2F405C5000084608 /* guttrackerUITests */ = {
			isa = PBXNativeTarget;
			buildConfigurationList = CED71C9F2F405C5000084608 /* Build configuration list for PBXNativeTarget "guttrackerUITests" */;
			buildPhases = (
				CED71C8A2F405C5000084608 /* Sources */,
				CED71C8B2F405C5000084608 /* Frameworks */,
				CED71C8C2F405C5000084608 /* Resources */,
			);
			buildRules = (
			);
			dependencies = (
				CED71C902F405C5000084608 /* PBXTargetDependency */,
			);
			fileSystemSynchronizedGroups = (
				CED71C912F405C5000084608 /* guttrackerUITests */,
			);
			name = guttrackerUITests;
			packageProductDependencies = (
			);
			productName = guttrackerUITests;
			productReference = CED71C8E2F405C5000084608 /* guttrackerUITests.xctest */;
			productType = "com.apple.product-type.bundle.ui-testing";
		};
		CED71CCE2F4168C300084608 /* GutTrackerWidgetExtension */ = {
			isa = PBXNativeTarget;
			buildConfigurationList = CED71CE62F4168C600084608 /* Build configuration list for PBXNativeTarget "GutTrackerWidgetExtension" */;
			buildPhases = (
				CED71CCB2F4168C300084608 /* Sources */,
				CED71CCC2F4168C300084608 /* Frameworks */,
				CED71CCD2F4168C300084608 /* Resources */,
			);
			buildRules = (
			);
			dependencies = (
			);
			fileSystemSynchronizedGroups = (
				CED71C752F405C4E00084608 /* guttracker */,
				CED71CD52F4168C400084608 /* GutTrackerWidget */,
			);
			name = GutTrackerWidgetExtension;
			packageProductDependencies = (
			);
			productName = GutTrackerWidgetExtension;
			productReference = CED71CCF2F4168C300084608 /* GutTrackerWidgetExtension.appex */;
			productType = "com.apple.product-type.app-extension";
		};
/* End PBXNativeTarget section */

/* Begin PBXProject section */
		CED71C6B2F405C4E00084608 /* Project object */ = {
			isa = PBXProject;
			attributes = {
				BuildIndependentTargetsInParallel = 1;
				LastSwiftUpdateCheck = 2600;
				LastUpgradeCheck = 2600;
				TargetAttributes = {
					CED71C722F405C4E00084608 = {
						CreatedOnToolsVersion = 26.0.1;
					};
					CED71C832F405C5000084608 = {
						CreatedOnToolsVersion = 26.0.1;
						TestTargetID = CED71C722F405C4E00084608;
					};
					CED71C8D2F405C5000084608 = {
						CreatedOnToolsVersion = 26.0.1;
						TestTargetID = CED71C722F405C4E00084608;
					};
					CED71CCE2F4168C300084608 = {
						CreatedOnToolsVersion = 26.0.1;
					};
				};
			};
			buildConfigurationList = CED71C6E2F405C4E00084608 /* Build configuration list for PBXProject "guttracker" */;
			developmentRegion = en;
			hasScannedForEncodings = 0;
			knownRegions = (
				en,
				Base,
			);
			mainGroup = CED71C6A2F405C4D00084608;
			minimizedProjectReferenceProxies = 1;
			preferredProjectObjectVersion = 77;
			productRefGroup = CED71C742F405C4E00084608 /* Products */;
			projectDirPath = "";
			projectRoot = "";
			targets = (
				CED71C722F405C4E00084608 /* guttracker */,
				CED71C832F405C5000084608 /* guttrackerTests */,
				CED71C8D2F405C5000084608 /* guttrackerUITests */,
				CED71CCE2F4168C300084608 /* GutTrackerWidgetExtension */,
			);
		};
/* End PBXProject section */

/* Begin PBXResourcesBuildPhase section */
		CED71C712F405C4E00084608 /* Resources */ = {
			isa = PBXResourcesBuildPhase;
			buildActionMask = 2147483647;
			files = (
			);
			runOnlyForDeploymentPostprocessing = 0;
		};
		CED71C822F405C5000084608 /* Resources */ = {
			isa = PBXResourcesBuildPhase;
			buildActionMask = 2147483647;
			files = (
			);
			runOnlyForDeploymentPostprocessing = 0;
		};
		CED71C8C2F405C5000084608 /* Resources */ = {
			isa = PBXResourcesBuildPhase;
			buildActionMask = 2147483647;
			files = (
			);
			runOnlyForDeploymentPostprocessing = 0;
		};
		CED71CCD2F4168C300084608 /* Resources */ = {
			isa = PBXResourcesBuildPhase;
			buildActionMask = 2147483647;
			files = (
			);
			runOnlyForDeploymentPostprocessing = 0;
		};
/* End PBXResourcesBuildPhase section */

/* Begin PBXSourcesBuildPhase section */
		CED71C6F2F405C4E00084608 /* Sources */ = {
			isa = PBXSourcesBuildPhase;
			buildActionMask = 2147483647;
			files = (
			);
			runOnlyForDeploymentPostprocessing = 0;
		};
		CED71C802F405C5000084608 /* Sources */ = {
			isa = PBXSourcesBuildPhase;
			buildActionMask = 2147483647;
			files = (
			);
			runOnlyForDeploymentPostprocessing = 0;
		};
		CED71C8A2F405C5000084608 /* Sources */ = {
			isa = PBXSourcesBuildPhase;
			buildActionMask = 2147483647;
			files = (
			);
			runOnlyForDeploymentPostprocessing = 0;
		};
		CED71CCB2F4168C300084608 /* Sources */ = {
			isa = PBXSourcesBuildPhase;
			buildActionMask = 2147483647;
			files = (
			);
			runOnlyForDeploymentPostprocessing = 0;
		};
/* End PBXSourcesBuildPhase section */

/* Begin PBXTargetDependency section */
		CED71C862F405C5000084608 /* PBXTargetDependency */ = {
			isa = PBXTargetDependency;
			target = CED71C722F405C4E00084608 /* guttracker */;
			targetProxy = CED71C852F405C5000084608 /* PBXContainerItemProxy */;
		};
		CED71C902F405C5000084608 /* PBXTargetDependency */ = {
			isa = PBXTargetDependency;
			target = CED71C722F405C4E00084608 /* guttracker */;
			targetProxy = CED71C8F2F405C5000084608 /* PBXContainerItemProxy */;
		};
		CED71CE42F4168C600084608 /* PBXTargetDependency */ = {
			isa = PBXTargetDependency;
			target = CED71CCE2F4168C300084608 /* GutTrackerWidgetExtension */;
			targetProxy = CED71CE32F4168C600084608 /* PBXContainerItemProxy */;
		};
/* End PBXTargetDependency section */

/* Begin XCBuildConfiguration section */
		CED71C982F405C5000084608 /* Debug */ = {
			isa = XCBuildConfiguration;
			buildSettings = {
				ASSETCATALOG_COMPILER_APPICON_NAME = AppIcon;
				ASSETCATALOG_COMPILER_GLOBAL_ACCENT_COLOR_NAME = AccentColor;
				CODE_SIGN_ENTITLEMENTS = guttracker/guttracker.entitlements;
				CODE_SIGN_STYLE = Automatic;
				CURRENT_PROJECT_VERSION = 1;
				DEVELOPMENT_TEAM = 686AGNJMGN;
				ENABLE_PREVIEWS = YES;
				GENERATE_INFOPLIST_FILE = YES;
				INFOPLIST_FILE = guttracker/Info.plist;
				INFOPLIST_KEY_UIApplicationSceneManifest_Generation = YES;
				INFOPLIST_KEY_UIApplicationSupportsIndirectInputEvents = YES;
				INFOPLIST_KEY_UILaunchScreen_Generation = YES;
				INFOPLIST_KEY_UISupportedInterfaceOrientations_iPad = "UIInterfaceOrientationPortrait UIInterfaceOrientationPortraitUpsideDown UIInterfaceOrientationLandscapeLeft UIInterfaceOrientationLandscapeRight";
				INFOPLIST_KEY_UISupportedInterfaceOrientations_iPhone = "UIInterfaceOrientationPortrait UIInterfaceOrientationLandscapeLeft UIInterfaceOrientationLandscapeRight";
				LD_RUNPATH_SEARCH_PATHS = (
					"$(inherited)",
					"@executable_path/Frameworks",
				);
				MARKETING_VERSION = 1.0;
				PRODUCT_BUNDLE_IDENTIFIER = com.gilko.guttracker;
				PRODUCT_NAME = "$(TARGET_NAME)";
				STRING_CATALOG_GENERATE_SYMBOLS = YES;
				SWIFT_APPROACHABLE_CONCURRENCY = YES;
				SWIFT_DEFAULT_ACTOR_ISOLATION = MainActor;
				SWIFT_EMIT_LOC_STRINGS = YES;
				SWIFT_UPCOMING_FEATURE_MEMBER_IMPORT_VISIBILITY = YES;
				SWIFT_VERSION = 5.0;
				TARGETED_DEVICE_FAMILY = "1,2";
			};
			name = Debug;
		};
		CED71C992F405C5000084608 /* Release */ = {
			isa = XCBuildConfiguration;
			buildSettings = {
				ASSETCATALOG_COMPILER_APPICON_NAME = AppIcon;
				ASSETCATALOG_COMPILER_GLOBAL_ACCENT_COLOR_NAME = AccentColor;
				CODE_SIGN_ENTITLEMENTS = guttracker/guttracker.entitlements;
				CODE_SIGN_STYLE = Automatic;
				CURRENT_PROJECT_VERSION = 1;
				DEVELOPMENT_TEAM = 686AGNJMGN;
				ENABLE_PREVIEWS = YES;
				GENERATE_INFOPLIST_FILE = YES;
				INFOPLIST_FILE = guttracker/Info.plist;
				INFOPLIST_KEY_UIApplicationSceneManifest_Generation = YES;
				INFOPLIST_KEY_UIApplicationSupportsIndirectInputEvents = YES;
				INFOPLIST_KEY_UILaunchScreen_Generation = YES;
				INFOPLIST_KEY_UISupportedInterfaceOrientations_iPad = "UIInterfaceOrientationPortrait UIInterfaceOrientationPortraitUpsideDown UIInterfaceOrientationLandscapeLeft UIInterfaceOrientationLandscapeRight";
				INFOPLIST_KEY_UISupportedInterfaceOrientations_iPhone = "UIInterfaceOrientationPortrait UIInterfaceOrientationLandscapeLeft UIInterfaceOrientationLandscapeRight";
				LD_RUNPATH_SEARCH_PATHS = (
					"$(inherited)",
					"@executable_path/Frameworks",
				);
				MARKETING_VERSION = 1.0;
				PRODUCT_BUNDLE_IDENTIFIER = com.gilko.guttracker;
				PRODUCT_NAME = "$(TARGET_NAME)";
				STRING_CATALOG_GENERATE_SYMBOLS = YES;
				SWIFT_APPROACHABLE_CONCURRENCY = YES;
				SWIFT_DEFAULT_ACTOR_ISOLATION = MainActor;
				SWIFT_EMIT_LOC_STRINGS = YES;
				SWIFT_UPCOMING_FEATURE_MEMBER_IMPORT_VISIBILITY = YES;
				SWIFT_VERSION = 5.0;
				TARGETED_DEVICE_FAMILY = "1,2";
			};
			name = Release;
		};
		CED71C9A2F405C5000084608 /* Debug */ = {
			isa = XCBuildConfiguration;
			buildSettings = {
				ALWAYS_SEARCH_USER_PATHS = NO;
				ASSETCATALOG_COMPILER_GENERATE_SWIFT_ASSET_SYMBOL_EXTENSIONS = YES;
				CLANG_ANALYZER_NONNULL = YES;
				CLANG_ANALYZER_NUMBER_OBJECT_CONVERSION = YES_AGGRESSIVE;
				CLANG_CXX_LANGUAGE_STANDARD = "gnu++20";
				CLANG_ENABLE_MODULES = YES;
				CLANG_ENABLE_OBJC_ARC = YES;
				CLANG_ENABLE_OBJC_WEAK = YES;
				CLANG_WARN_BLOCK_CAPTURE_AUTORELEASING = YES;
				CLANG_WARN_BOOL_CONVERSION = YES;
				CLANG_WARN_COMMA = YES;
				CLANG_WARN_CONSTANT_CONVERSION = YES;
				CLANG_WARN_DEPRECATED_OBJC_IMPLEMENTATIONS = YES;
				CLANG_WARN_DIRECT_OBJC_ISA_USAGE = YES_ERROR;
				CLANG_WARN_DOCUMENTATION_COMMENTS = YES;
				CLANG_WARN_EMPTY_BODY = YES;
				CLANG_WARN_ENUM_CONVERSION = YES;
				CLANG_WARN_INFINITE_RECURSION = YES;
				CLANG_WARN_INT_CONVERSION = YES;
				CLANG_WARN_NON_LITERAL_NULL_CONVERSION = YES;
				CLANG_WARN_OBJC_IMPLICIT_RETAIN_SELF = YES;
				CLANG_WARN_OBJC_LITERAL_CONVERSION = YES;
				CLANG_WARN_OBJC_ROOT_CLASS = YES_ERROR;
				CLANG_WARN_QUOTED_INCLUDE_IN_FRAMEWORK_HEADER = YES;
				CLANG_WARN_RANGE_LOOP_ANALYSIS = YES;
				CLANG_WARN_STRICT_PROTOTYPES = YES;
				CLANG_WARN_SUSPICIOUS_MOVE = YES;
				CLANG_WARN_UNGUARDED_AVAILABILITY = YES_AGGRESSIVE;
				CLANG_WARN_UNREACHABLE_CODE = YES;
				CLANG_WARN__DUPLICATE_METHOD_MATCH = YES;
				COPY_PHASE_STRIP = NO;
				DEBUG_INFORMATION_FORMAT = dwarf;
				DEVELOPMENT_TEAM = 686AGNJMGN;
				ENABLE_STRICT_OBJC_MSGSEND = YES;
				ENABLE_TESTABILITY = YES;
				ENABLE_USER_SCRIPT_SANDBOXING = YES;
				GCC_C_LANGUAGE_STANDARD = gnu17;
				GCC_DYNAMIC_NO_PIC = NO;
				GCC_NO_COMMON_BLOCKS = YES;
				GCC_OPTIMIZATION_LEVEL = 0;
				GCC_PREPROCESSOR_DEFINITIONS = (
					"DEBUG=1",
					"$(inherited)",
				);
				GCC_WARN_64_TO_32_BIT_CONVERSION = YES;
				GCC_WARN_ABOUT_RETURN_TYPE = YES_ERROR;
				GCC_WARN_UNDECLARED_SELECTOR = YES;
				GCC_WARN_UNINITIALIZED_AUTOS = YES_AGGRESSIVE;
				GCC_WARN_UNUSED_FUNCTION = YES;
				GCC_WARN_UNUSED_VARIABLE = YES;
				IPHONEOS_DEPLOYMENT_TARGET = 26.0;
				LOCALIZATION_PREFERS_STRING_CATALOGS = YES;
				MTL_ENABLE_DEBUG_INFO = INCLUDE_SOURCE;
				MTL_FAST_MATH = YES;
				ONLY_ACTIVE_ARCH = YES;
				SDKROOT = iphoneos;
				SWIFT_ACTIVE_COMPILATION_CONDITIONS = "DEBUG $(inherited)";
				SWIFT_OPTIMIZATION_LEVEL = "-Onone";
			};
			name = Debug;
		};
		CED71C9B2F405C5000084608 /* Release */ = {
			isa = XCBuildConfiguration;
			buildSettings = {
				ALWAYS_SEARCH_USER_PATHS = NO;
				ASSETCATALOG_COMPILER_GENERATE_SWIFT_ASSET_SYMBOL_EXTENSIONS = YES;
				CLANG_ANALYZER_NONNULL = YES;
				CLANG_ANALYZER_NUMBER_OBJECT_CONVERSION = YES_AGGRESSIVE;
				CLANG_CXX_LANGUAGE_STANDARD = "gnu++20";
				CLANG_ENABLE_MODULES = YES;
				CLANG_ENABLE_OBJC_ARC = YES;
				CLANG_ENABLE_OBJC_WEAK = YES;
				CLANG_WARN_BLOCK_CAPTURE_AUTORELEASING = YES;
				CLANG_WARN_BOOL_CONVERSION = YES;
				CLANG_WARN_COMMA = YES;
				CLANG_WARN_CONSTANT_CONVERSION = YES;
				CLANG_WARN_DEPRECATED_OBJC_IMPLEMENTATIONS = YES;
				CLANG_WARN_DIRECT_OBJC_ISA_USAGE = YES_ERROR;
				CLANG_WARN_DOCUMENTATION_COMMENTS = YES;
				CLANG_WARN_EMPTY_BODY = YES;
				CLANG_WARN_ENUM_CONVERSION = YES;
				CLANG_WARN_INFINITE_RECURSION = YES;
				CLANG_WARN_INT_CONVERSION = YES;
				CLANG_WARN_NON_LITERAL_NULL_CONVERSION = YES;
				CLANG_WARN_OBJC_IMPLICIT_RETAIN_SELF = YES;
				CLANG_WARN_OBJC_LITERAL_CONVERSION = YES;
				CLANG_WARN_OBJC_ROOT_CLASS = YES_ERROR;
				CLANG_WARN_QUOTED_INCLUDE_IN_FRAMEWORK_HEADER = YES;
				CLANG_WARN_RANGE_LOOP_ANALYSIS = YES;
				CLANG_WARN_STRICT_PROTOTYPES = YES;
				CLANG_WARN_SUSPICIOUS_MOVE = YES;
				CLANG_WARN_UNGUARDED_AVAILABILITY = YES_AGGRESSIVE;
				CLANG_WARN_UNREACHABLE_CODE = YES;
				CLANG_WARN__DUPLICATE_METHOD_MATCH = YES;
				COPY_PHASE_STRIP = NO;
				DEBUG_INFORMATION_FORMAT = "dwarf-with-dsym";
				DEVELOPMENT_TEAM = 686AGNJMGN;
				ENABLE_NS_ASSERTIONS = NO;
				ENABLE_STRICT_OBJC_MSGSEND = YES;
				ENABLE_USER_SCRIPT_SANDBOXING = YES;
				GCC_C_LANGUAGE_STANDARD = gnu17;
				GCC_NO_COMMON_BLOCKS = YES;
				GCC_WARN_64_TO_32_BIT_CONVERSION = YES;
				GCC_WARN_ABOUT_RETURN_TYPE = YES_ERROR;
				GCC_WARN_UNDECLARED_SELECTOR = YES;
				GCC_WARN_UNINITIALIZED_AUTOS = YES_AGGRESSIVE;
				GCC_WARN_UNUSED_FUNCTION = YES;
				GCC_WARN_UNUSED_VARIABLE = YES;
				IPHONEOS_DEPLOYMENT_TARGET = 26.0;
				LOCALIZATION_PREFERS_STRING_CATALOGS = YES;
				MTL_ENABLE_DEBUG_INFO = NO;
				MTL_FAST_MATH = YES;
				SDKROOT = iphoneos;
				SWIFT_COMPILATION_MODE = wholemodule;
				VALIDATE_PRODUCT = YES;
			};
			name = Release;
		};
		CED71C9D2F405C5000084608 /* Debug */ = {
			isa = XCBuildConfiguration;
			buildSettings = {
				BUNDLE_LOADER = "$(TEST_HOST)";
				CODE_SIGN_STYLE = Automatic;
				CURRENT_PROJECT_VERSION = 1;
				DEVELOPMENT_TEAM = 686AGNJMGN;
				GENERATE_INFOPLIST_FILE = YES;
				IPHONEOS_DEPLOYMENT_TARGET = 26.0;
				MARKETING_VERSION = 1.0;
				PRODUCT_BUNDLE_IDENTIFIER = com.gilko.guttrackerTests;
				PRODUCT_NAME = "$(TARGET_NAME)";
				STRING_CATALOG_GENERATE_SYMBOLS = NO;
				SWIFT_APPROACHABLE_CONCURRENCY = YES;
				SWIFT_EMIT_LOC_STRINGS = NO;
				SWIFT_UPCOMING_FEATURE_MEMBER_IMPORT_VISIBILITY = YES;
				SWIFT_VERSION = 5.0;
				TARGETED_DEVICE_FAMILY = "1,2";
				TEST_HOST = "$(BUILT_PRODUCTS_DIR)/guttracker.app/$(BUNDLE_EXECUTABLE_FOLDER_PATH)/guttracker";
			};
			name = Debug;
		};
		CED71C9E2F405C5000084608 /* Release */ = {
			isa = XCBuildConfiguration;
			buildSettings = {
				BUNDLE_LOADER = "$(TEST_HOST)";
				CODE_SIGN_STYLE = Automatic;
				CURRENT_PROJECT_VERSION = 1;
				DEVELOPMENT_TEAM = 686AGNJMGN;
				GENERATE_INFOPLIST_FILE = YES;
				IPHONEOS_DEPLOYMENT_TARGET = 26.0;
				MARKETING_VERSION = 1.0;
				PRODUCT_BUNDLE_IDENTIFIER = com.gilko.guttrackerTests;
				PRODUCT_NAME = "$(TARGET_NAME)";
				STRING_CATALOG_GENERATE_SYMBOLS = NO;
				SWIFT_APPROACHABLE_CONCURRENCY = YES;
				SWIFT_EMIT_LOC_STRINGS = NO;
				SWIFT_UPCOMING_FEATURE_MEMBER_IMPORT_VISIBILITY = YES;
				SWIFT_VERSION = 5.0;
				TARGETED_DEVICE_FAMILY = "1,2";
				TEST_HOST = "$(BUILT_PRODUCTS_DIR)/guttracker.app/$(BUNDLE_EXECUTABLE_FOLDER_PATH)/guttracker";
			};
			name = Release;
		};
		CED71CA02F405C5000084608 /* Debug */ = {
			isa = XCBuildConfiguration;
			buildSettings = {
				CODE_SIGN_STYLE = Automatic;
				CURRENT_PROJECT_VERSION = 1;
				DEVELOPMENT_TEAM = 686AGNJMGN;
				GENERATE_INFOPLIST_FILE = YES;
				MARKETING_VERSION = 1.0;
				PRODUCT_BUNDLE_IDENTIFIER = com.gilko.guttrackerUITests;
				PRODUCT_NAME = "$(TARGET_NAME)";
				STRING_CATALOG_GENERATE_SYMBOLS = NO;
				SWIFT_APPROACHABLE_CONCURRENCY = YES;
				SWIFT_EMIT_LOC_STRINGS = NO;
				SWIFT_UPCOMING_FEATURE_MEMBER_IMPORT_VISIBILITY = YES;
				SWIFT_VERSION = 5.0;
				TARGETED_DEVICE_FAMILY = "1,2";
				TEST_TARGET_NAME = guttracker;
			};
			name = Debug;
		};
		CED71CA12F405C5000084608 /* Release */ = {
			isa = XCBuildConfiguration;
			buildSettings = {
				CODE_SIGN_STYLE = Automatic;
				CURRENT_PROJECT_VERSION = 1;
				DEVELOPMENT_TEAM = 686AGNJMGN;
				GENERATE_INFOPLIST_FILE = YES;
				MARKETING_VERSION = 1.0;
				PRODUCT_BUNDLE_IDENTIFIER = com.gilko.guttrackerUITests;
				PRODUCT_NAME = "$(TARGET_NAME)";
				STRING_CATALOG_GENERATE_SYMBOLS = NO;
				SWIFT_APPROACHABLE_CONCURRENCY = YES;
				SWIFT_EMIT_LOC_STRINGS = NO;
				SWIFT_UPCOMING_FEATURE_MEMBER_IMPORT_VISIBILITY = YES;
				SWIFT_VERSION = 5.0;
				TARGETED_DEVICE_FAMILY = "1,2";
				TEST_TARGET_NAME = guttracker;
			};
			name = Release;
		};
		CED71CE72F4168C600084608 /* Debug */ = {
			isa = XCBuildConfiguration;
			buildSettings = {
				ASSETCATALOG_COMPILER_GLOBAL_ACCENT_COLOR_NAME = AccentColor;
				ASSETCATALOG_COMPILER_WIDGET_BACKGROUND_COLOR_NAME = WidgetBackground;
				CODE_SIGN_ENTITLEMENTS = GutTrackerWidgetExtension.entitlements;
				CODE_SIGN_STYLE = Automatic;
				CURRENT_PROJECT_VERSION = 1;
				DEVELOPMENT_TEAM = 686AGNJMGN;
				GENERATE_INFOPLIST_FILE = YES;
				INFOPLIST_FILE = GutTrackerWidget/Info.plist;
				INFOPLIST_KEY_CFBundleDisplayName = GutTrackerWidget;
				INFOPLIST_KEY_NSHumanReadableCopyright = "";
				LD_RUNPATH_SEARCH_PATHS = (
					"$(inherited)",
					"@executable_path/Frameworks",
					"@executable_path/../../Frameworks",
				);
				MARKETING_VERSION = 1.0;
				PRODUCT_BUNDLE_IDENTIFIER = com.gilko.guttracker.GutTrackerWidget;
				PRODUCT_NAME = "$(TARGET_NAME)";
				SKIP_INSTALL = YES;
				STRING_CATALOG_GENERATE_SYMBOLS = YES;
				SWIFT_APPROACHABLE_CONCURRENCY = YES;
				SWIFT_EMIT_LOC_STRINGS = YES;
				SWIFT_UPCOMING_FEATURE_MEMBER_IMPORT_VISIBILITY = YES;
				SWIFT_VERSION = 5.0;
				TARGETED_DEVICE_FAMILY = "1,2";
			};
			name = Debug;
		};
		CED71CE82F4168C600084608 /* Release */ = {
			isa = XCBuildConfiguration;
			buildSettings = {
				ASSETCATALOG_COMPILER_GLOBAL_ACCENT_COLOR_NAME = AccentColor;
				ASSETCATALOG_COMPILER_WIDGET_BACKGROUND_COLOR_NAME = WidgetBackground;
				CODE_SIGN_ENTITLEMENTS = GutTrackerWidgetExtension.entitlements;
				CODE_SIGN_STYLE = Automatic;
				CURRENT_PROJECT_VERSION = 1;
				DEVELOPMENT_TEAM = 686AGNJMGN;
				GENERATE_INFOPLIST_FILE = YES;
				INFOPLIST_FILE = GutTrackerWidget/Info.plist;
				INFOPLIST_KEY_CFBundleDisplayName = GutTrackerWidget;
				INFOPLIST_KEY_NSHumanReadableCopyright = "";
				LD_RUNPATH_SEARCH_PATHS = (
					"$(inherited)",
					"@executable_path/Frameworks",
					"@executable_path/../../Frameworks",
				);
				MARKETING_VERSION = 1.0;
				PRODUCT_BUNDLE_IDENTIFIER = com.gilko.guttracker.GutTrackerWidget;
				PRODUCT_NAME = "$(TARGET_NAME)";
				SKIP_INSTALL = YES;
				STRING_CATALOG_GENERATE_SYMBOLS = YES;
				SWIFT_APPROACHABLE_CONCURRENCY = YES;
				SWIFT_EMIT_LOC_STRINGS = YES;
				SWIFT_UPCOMING_FEATURE_MEMBER_IMPORT_VISIBILITY = YES;
				SWIFT_VERSION = 5.0;
				TARGETED_DEVICE_FAMILY = "1,2";
			};
			name = Release;
		};
/* End XCBuildConfiguration section */

/* Begin XCConfigurationList section */
		CED71C6E2F405C4E00084608 /* Build configuration list for PBXProject "guttracker" */ = {
			isa = XCConfigurationList;
			buildConfigurations = (
				CED71C9A2F405C5000084608 /* Debug */,
				CED71C9B2F405C5000084608 /* Release */,
			);
			defaultConfigurationIsVisible = 0;
			defaultConfigurationName = Release;
		};
		CED71C972F405C5000084608 /* Build configuration list for PBXNativeTarget "guttracker" */ = {
			isa = XCConfigurationList;
			buildConfigurations = (
				CED71C982F405C5000084608 /* Debug */,
				CED71C992F405C5000084608 /* Release */,
			);
			defaultConfigurationIsVisible = 0;
			defaultConfigurationName = Release;
		};
		CED71C9C2F405C5000084608 /* Build configuration list for PBXNativeTarget "guttrackerTests" */ = {
			isa = XCConfigurationList;
			buildConfigurations = (
				CED71C9D2F405C5000084608 /* Debug */,
				CED71C9E2F405C5000084608 /* Release */,
			);
			defaultConfigurationIsVisible = 0;
			defaultConfigurationName = Release;
		};
		CED71C9F2F405C5000084608 /* Build configuration list for PBXNativeTarget "guttrackerUITests" */ = {
			isa = XCConfigurationList;
			buildConfigurations = (
				CED71CA02F405C5000084608 /* Debug */,
				CED71CA12F405C5000084608 /* Release */,
			);
			defaultConfigurationIsVisible = 0;
			defaultConfigurationName = Release;
		};
		CED71CE62F4168C600084608 /* Build configuration list for PBXNativeTarget "GutTrackerWidgetExtension" */ = {
			isa = XCConfigurationList;
			buildConfigurations = (
				CED71CE72F4168C600084608 /* Debug */,
				CED71CE82F4168C600084608 /* Release */,
			);
			defaultConfigurationIsVisible = 0;
			defaultConfigurationName = Release;
		};
/* End XCConfigurationList section */
	};
	rootObject = CED71C6B2F405C4E00084608 /* Project object */;
}
